
Microsoft Visual Studio Solution File, Format Version 12.00
# Visual Studio Version 16
VisualStudioVersion = 16.0.31613.86
MinimumVisualStudioVersion = 10.0.40219.1
Project("{9A19103F-16F7-4668-BE54-9A1E7A4F7556}") = "EmailServiceApi", "EmailServiceApi\EmailServiceApi.csproj", "{C846F9DF-07AA-4C50-AE29-CCC48CAC49C8}"
EndProject
Project("{9A19103F-16F7-4668-BE54-9A1E7A4F7556}") = "EmailServiceLibrary", "EmailServiceLibrary\EmailServiceLibrary.csproj", "{5E50E40F-852D-40A2-B5E9-410B578733CA}"
EndProject
Global
	GlobalSection(SolutionConfigurationPlatforms) = preSolution
		Debug|Any CPU = Debug|Any CPU
		Release|Any CPU = Release|Any CPU
	EndGlobalSection
	GlobalSection(ProjectConfigurationPlatforms) = postSolution
		{C846F9DF-07AA-4C50-AE29-CCC48CAC49C8}.Debug|Any CPU.ActiveCfg = Debug|Any CPU
		{C846F9DF-07AA-4C50-AE29-CCC48CAC49C8}.Debug|Any CPU.Build.0 = Debug|Any CPU
		{C846F9DF-07AA-4C50-AE29-CCC48CAC49C8}.Release|Any CPU.ActiveCfg = Release|Any CPU
		{C846F9DF-07AA-4C50-AE29-CCC48CAC49C8}.Release|Any CPU.Build.0 = Release|Any CPU
		{5E50E40F-852D-40A2-B5E9-410B578733CA}.Debug|Any CPU.ActiveCfg = Debug|Any CPU
		{5E50E40F-852D-40A2-B5E9-410B578733CA}.Debug|Any CPU.Build.0 = Debug|Any CPU
		{5E50E40F-852D-40A2-B5E9-410B578733CA}.Release|Any CPU.ActiveCfg = Release|Any CPU
		{5E50E40F-852D-40A2-B5E9-410B578733CA}.Release|Any CPU.Build.0 = Release|Any CPU
	EndGlobalSection
	GlobalSection(SolutionProperties) = preSolution
		HideSolutionNode = FALSE
	EndGlobalSection
	GlobalSection(ExtensibilityGlobals) = postSolution
		SolutionGuid = {A85E8401-8082-4FFC-B527-884454E444F9}
	EndGlobalSection
EndGlobal
